<?xml version="1.0" encoding="utf-8"?>
<Project ToolsVersion="4.0" xmlns="http://schemas.microsoft.com/developer/msbuild/2003">
  <ItemGroup>
    <Filter Include="Source Files">
      <UniqueIdentifier>{4FC737F1-C7A5-4376-A066-2A32D752A2FF}</UniqueIdentifier>
      <Extensions>cpp;c;cc;cxx;def;odl;idl;hpj;bat;asm;asmx</Extensions>
    </Filter>
    <Filter Include="Header Files">
      <UniqueIdentifier>{93995380-89BD-4b04-88EB-625FBE52EBFB}</UniqueIdentifier>
      <Extensions>h;hpp;hxx;hm;inl;inc;xsd</Extensions>
    </Filter>
    <Filter Include="Resource Files">
      <UniqueIdentifier>{67DA6AB6-F800-4c08-8B7A-83BB121AAD01}</UniqueIdentifier>
      <Extensions>rc;ico;cur;bmp;dlg;rc2;rct;bin;rgs;gif;jpg;jpeg;jpe;resx;tiff;tif;png;wav;mfcribbon-ms</Extensions>
    </Filter>
    <Filter Include="math">
      <UniqueIdentifier>{79692089-2ded-4c71-820b-9a04ee1b2b8e}</UniqueIdentifier>
    </Filter>
    <Filter Include="UI">
      <UniqueIdentifier>{f14eb4d3-e863-40db-8ee1-6dbe45c638dd}</UniqueIdentifier>
    </Filter>
    <Filter Include="System">
      <UniqueIdentifier>{89941e40-75a5-4241-a80f-44a93ccf8891}</UniqueIdentifier>
    </Filter>
    <Filter Include="math\Abertay">
      <UniqueIdentifier>{15aecddd-803a-46e1-8812-edec3ed6fd23}</UniqueIdentifier>
    </Filter>
    <Filter Include="math\stanford">
      <UniqueIdentifier>{83cc8212-df77-40a2-afe0-59e2d9ac79e4}</UniqueIdentifier>
    </Filter>
    <Filter Include="math\Irrlicht">
      <UniqueIdentifier>{ac0f6b08-87b8-4d92-a8ac-2baeed77fd2a}</UniqueIdentifier>
    </Filter>
    <Filter Include="math\Pipho">
      <UniqueIdentifier>{bdb93dc0-8da1-45eb-9ad1-f37e4b702770}</UniqueIdentifier>
    </Filter>
  </ItemGroup>
  <ItemGroup>
    <ClCompile Include="animatedsprite.cpp">
      <Filter>Source Files</Filter>
    </ClCompile>
    <ClCompile Include="main.cpp">
      <Filter>Source Files</Filter>
    </ClCompile>
    <ClCompile Include="scene3D.cpp">
      <Filter>Source Files</Filter>
    </ClCompile>
    <ClCompile Include="scene2D.cpp">
      <Filter>Source Files</Filter>
    </ClCompile>
    <ClCompile Include="arm.cpp">
      <Filter>Source Files</Filter>
    </ClCompile>
    <ClCompile Include="planets.cpp">
      <Filter>Source Files</Filter>
    </ClCompile>
    <ClCompile Include="light.cpp">
      <Filter>Source Files</Filter>
    </ClCompile>
    <ClCompile Include="cube.cpp">
      <Filter>Source Files</Filter>
    </ClCompile>
    <ClCompile Include="geometry.cpp">
      <Filter>Source Files</Filter>
    </ClCompile>
    <ClCompile Include="triangle.cpp">
      <Filter>Source Files</Filter>
    </ClCompile>
    <ClCompile Include="oldsprite.cpp">
      <Filter>Source Files</Filter>
    </ClCompile>
    <ClCompile Include="sprite.cpp">
      <Filter>Source Files</Filter>
    </ClCompile>
    <ClCompile Include="camera.cpp">
      <Filter>UI</Filter>
    </ClCompile>
    <ClCompile Include="input.cpp">
      <Filter>UI</Filter>
    </ClCompile>
    <ClCompile Include="timerclass.cpp">
      <Filter>UI</Filter>
    </ClCompile>
    <ClCompile Include="winmanager.cpp">
      <Filter>UI</Filter>
    </ClCompile>
    <ClCompile Include="gui.cpp">
      <Filter>UI</Filter>
    </ClCompile>
    <ClCompile Include="font.cpp">
      <Filter>UI</Filter>
    </ClCompile>
    <ClCompile Include="Shape.cpp">
      <Filter>Source Files</Filter>
    </ClCompile>
    <ClCompile Include="resourcemanager.cpp">
      <Filter>Source Files</Filter>
    </ClCompile>
    <ClCompile Include="Model.cpp">
      <Filter>UI</Filter>
    </ClCompile>
    <ClCompile Include="TokenStream.cpp">
      <Filter>UI</Filter>
    </ClCompile>
    <ClCompile Include="math\abertay\abfw_matrix44.cpp">
      <Filter>math\Abertay</Filter>
    </ClCompile>
    <ClCompile Include="math\abertay\abfw_quaternion.cpp">
      <Filter>math\Abertay</Filter>
    </ClCompile>
    <ClCompile Include="math\standford\st_quaternion.cpp">
      <Filter>math\stanford</Filter>
    </ClCompile>
    <ClCompile Include="math\quaternion.cpp">
      <Filter>math</Filter>
    </ClCompile>
    <ClCompile Include="math\vec3.cpp">
      <Filter>math</Filter>
    </ClCompile>
    <ClCompile Include="viewport.cpp">
      <Filter>UI</Filter>
    </ClCompile>
  </ItemGroup>
  <ItemGroup>
    <ClInclude Include="animatedsprite.h">
      <Filter>Header Files</Filter>
    </ClInclude>
    <ClInclude Include="scene3D.h">
      <Filter>Header Files</Filter>
    </ClInclude>
    <ClInclude Include="scene2D.h">
      <Filter>Header Files</Filter>
    </ClInclude>
    <ClInclude Include="arm.h">
      <Filter>Header Files</Filter>
    </ClInclude>
    <ClInclude Include="planets.h">
      <Filter>Header Files</Filter>
    </ClInclude>
    <ClInclude Include="light.h">
      <Filter>Header Files</Filter>
    </ClInclude>
    <ClInclude Include="cube.h">
      <Filter>Header Files</Filter>
    </ClInclude>
    <ClInclude Include="geometry.h">
      <Filter>Header Files</Filter>
    </ClInclude>
    <ClInclude Include="triangle.h">
      <Filter>Header Files</Filter>
    </ClInclude>
    <ClInclude Include="oldsprite.h">
      <Filter>Header Files</Filter>
    </ClInclude>
    <ClInclude Include="sprite.h">
      <Filter>Header Files</Filter>
    </ClInclude>
    <ClInclude Include="camera.h">
      <Filter>UI</Filter>
    </ClInclude>
    <ClInclude Include="input.h">
      <Filter>UI</Filter>
    </ClInclude>
    <ClInclude Include="timerclass.h">
      <Filter>UI</Filter>
    </ClInclude>
    <ClInclude Include="winmanager.h">
      <Filter>UI</Filter>
    </ClInclude>
    <ClInclude Include="gui.h">
      <Filter>UI</Filter>
    </ClInclude>
    <ClInclude Include="font.h">
      <Filter>UI</Filter>
    </ClInclude>
    <ClInclude Include="Shape.h">
      <Filter>Header Files</Filter>
    </ClInclude>
    <ClInclude Include="resourcemanager.h">
      <Filter>Header Files</Filter>
    </ClInclude>
    <ClInclude Include="Model.h">
      <Filter>UI</Filter>
    </ClInclude>
    <ClInclude Include="TokenStream.h">
      <Filter>UI</Filter>
    </ClInclude>
    <ClInclude Include="math\abertay\abfw_matrix44.h">
      <Filter>math\Abertay</Filter>
    </ClInclude>
    <ClInclude Include="math\abertay\abfw_quaternion.h">
      <Filter>math\Abertay</Filter>
    </ClInclude>
    <ClInclude Include="math\pipho\pip_math.h">
      <Filter>math\Pipho</Filter>
    </ClInclude>
    <ClInclude Include="math\pipho\pip_matrix.h">
      <Filter>math\Pipho</Filter>
    </ClInclude>
    <ClInclude Include="math\pipho\pip_quaternion.h">
      <Filter>math\Pipho</Filter>
    </ClInclude>
    <ClInclude Include="math\pipho\pip_vector.h">
      <Filter>math\Pipho</Filter>
    </ClInclude>
    <ClInclude Include="math\standford\st_quaternion.h">
      <Filter>math\stanford</Filter>
    </ClInclude>
    <ClInclude Include="math\quaternion.h">
      <Filter>math</Filter>
    </ClInclude>
    <ClInclude Include="math\vec3.h">
      <Filter>math</Filter>
    </ClInclude>
    <ClInclude Include="math\irrlicht\irr_Math.h">
      <Filter>math\Irrlicht</Filter>
    </ClInclude>
    <ClInclude Include="math\irrlicht\irr_matrix4.h">
      <Filter>math\Irrlicht</Filter>
    </ClInclude>
    <ClInclude Include="math\irrlicht\irr_quaternion.h">
      <Filter>math\Irrlicht</Filter>
    </ClInclude>
    <ClInclude Include="viewport.h">
      <Filter>UI</Filter>
    </ClInclude>
  </ItemGroup>
  <ItemGroup>
    <None Include="math\abertay\abfw_quaternion.inl">
      <Filter>math\Abertay</Filter>
    </None>
    <None Include="math\pipho\pip_matrix.inl">
      <Filter>math\Pipho</Filter>
    </None>
    <None Include="math\pipho\pip_quaternion.inl">
      <Filter>math\Pipho</Filter>
    </None>
    <None Include="math\pipho\pip_vector.inl">
      <Filter>math\Pipho</Filter>
    </None>
  </ItemGroup>
</Project>